{
  "name": "jdshaidanbigimage",
  "version": "1.0.0",
  "lockfileVersion": 1,
  "requires": true,
  "dependencies": {
    "@types/jquery": {
      "version": "3.5.6",
      "resolved": "https://registry.nlark.com/@types/jquery/download/@types/jquery-3.5.6.tgz",
      "integrity": "sha1-l6yONtzNitjtPz87SJM2FNn9jPA=",
      "dev": true,
      "requires": {
        "@types/sizzle": "*"
      }
    },
    "@types/sizzle": {
      "version": "2.3.3",
      "resolved": "https://registry.nlark.com/@types/sizzle/download/@types/sizzle-2.3.3.tgz",
      "integrity": "sha1-/14vGQKWnTBSJaBHyKD9XJFc6+8=",
      "dev": true
    },
    "typescript": {
      "version": "4.3.4",
      "resolved": "https://registry.nlark.com/typescript/download/typescript-4.3.4.tgz",
      "integrity": "sha1-P4W5hpRbzzEHHezdls+L+mX53Lw=",
      "dev": true
    }
  }
}
